
Microsoft Visual Studio Solution File, Format Version 12.00
# Visual Studio Version 16
VisualStudioVersion = 16.0.30330.147
MinimumVisualStudioVersion = 10.0.40219.1
Project("{9A19103F-16F7-4668-BE54-9A1E7A4F7556}") = "SystemT00ls", "SystemT00ls\SystemT00ls.csproj", "{D603E050-B36A-427D-A15F-260C3F1E77D5}"
EndProject
Project("{9A19103F-16F7-4668-BE54-9A1E7A4F7556}") = "SystemT00ls.CoreFunctions", "SystemT00ls.CoreFunctions\SystemT00ls.CoreFunctions.csproj", "{DAB5D5EF-CBCA-41A0-96DA-A12C10D78E43}"
EndProject
Project("{9A19103F-16F7-4668-BE54-9A1E7A4F7556}") = "EasyConsole.Core", "EasyConsole.Core\EasyConsole.Core\EasyConsole.Core.csproj", "{B2B71709-A7D2-486C-9D99-97297C3D26C1}"
EndProject
Project("{54435603-DBB4-11D2-8724-00A0C9A8B90C}") = "SystemToolsInstaller", "SystemToolsInstaller\SystemToolsInstaller.vdproj", "{ACB45032-EAE3-4746-A864-706462EE7EEC}"
EndProject
Project("{2150E333-8FDC-42A3-9474-1A3956D46DE8}") = "Solution Items", "Solution Items", "{404E5480-CDA1-49EA-A9E8-5C20BD336134}"
	ProjectSection(SolutionItems) = preProject
		.gitignore = .gitignore
		.gitmodules = .gitmodules
		LICENSE = LICENSE
		README.md = README.md
	EndProjectSection
EndProject
Project("{7CF6DF6D-3B04-46F8-A40B-537D21BCA0B4}") = "SystemT00lsDocs", "SystemT00lsDocs\SystemT00lsDocs.shfbproj", "{F2F970C9-B508-432F-8AAD-E238F8AC2F77}"
EndProject
Global
	GlobalSection(SolutionConfigurationPlatforms) = preSolution
		Debug|Any CPU = Debug|Any CPU
		Release|Any CPU = Release|Any CPU
	EndGlobalSection
	GlobalSection(ProjectConfigurationPlatforms) = postSolution
		{D603E050-B36A-427D-A15F-260C3F1E77D5}.Debug|Any CPU.ActiveCfg = Debug|Any CPU
		{D603E050-B36A-427D-A15F-260C3F1E77D5}.Debug|Any CPU.Build.0 = Debug|Any CPU
		{D603E050-B36A-427D-A15F-260C3F1E77D5}.Release|Any CPU.ActiveCfg = Release|Any CPU
		{D603E050-B36A-427D-A15F-260C3F1E77D5}.Release|Any CPU.Build.0 = Release|Any CPU
		{DAB5D5EF-CBCA-41A0-96DA-A12C10D78E43}.Debug|Any CPU.ActiveCfg = Debug|Any CPU
		{DAB5D5EF-CBCA-41A0-96DA-A12C10D78E43}.Debug|Any CPU.Build.0 = Debug|Any CPU
		{DAB5D5EF-CBCA-41A0-96DA-A12C10D78E43}.Release|Any CPU.ActiveCfg = Release|Any CPU
		{DAB5D5EF-CBCA-41A0-96DA-A12C10D78E43}.Release|Any CPU.Build.0 = Release|Any CPU
		{B2B71709-A7D2-486C-9D99-97297C3D26C1}.Debug|Any CPU.ActiveCfg = Debug|Any CPU
		{B2B71709-A7D2-486C-9D99-97297C3D26C1}.Debug|Any CPU.Build.0 = Debug|Any CPU
		{B2B71709-A7D2-486C-9D99-97297C3D26C1}.Release|Any CPU.ActiveCfg = Release|Any CPU
		{B2B71709-A7D2-486C-9D99-97297C3D26C1}.Release|Any CPU.Build.0 = Release|Any CPU
		{ACB45032-EAE3-4746-A864-706462EE7EEC}.Debug|Any CPU.ActiveCfg = Debug
		{ACB45032-EAE3-4746-A864-706462EE7EEC}.Debug|Any CPU.Build.0 = Debug
		{ACB45032-EAE3-4746-A864-706462EE7EEC}.Release|Any CPU.ActiveCfg = Release
		{ACB45032-EAE3-4746-A864-706462EE7EEC}.Release|Any CPU.Build.0 = Release
		{F2F970C9-B508-432F-8AAD-E238F8AC2F77}.Debug|Any CPU.ActiveCfg = Debug|Any CPU
		{F2F970C9-B508-432F-8AAD-E238F8AC2F77}.Debug|Any CPU.Build.0 = Debug|Any CPU
		{F2F970C9-B508-432F-8AAD-E238F8AC2F77}.Release|Any CPU.ActiveCfg = Release|Any CPU
		{F2F970C9-B508-432F-8AAD-E238F8AC2F77}.Release|Any CPU.Build.0 = Release|Any CPU
	EndGlobalSection
	GlobalSection(SolutionProperties) = preSolution
		HideSolutionNode = FALSE
	EndGlobalSection
	GlobalSection(ExtensibilityGlobals) = postSolution
		SolutionGuid = {962F6BD8-DE44-4D9A-9F85-4B9408049B3B}
	EndGlobalSection
EndGlobal
