
Microsoft Visual Studio Solution File, Format Version 12.00
# Visual Studio Version 16
VisualStudioVersion = 16.0.30330.147
MinimumVisualStudioVersion = 10.0.40219.1
Project("{9A19103F-16F7-4668-BE54-9A1E7A4F7556}") = "SystemT00ls.CoreLib", "SystemT00ls.CoreLib\SystemT00ls.CoreLib.csproj", "{DAB5D5EF-CBCA-41A0-96DA-A12C10D78E43}"
EndProject
Project("{9A19103F-16F7-4668-BE54-9A1E7A4F7556}") = "EasyConsole.Core", "EasyConsole.Core\EasyConsole.Core\EasyConsole.Core.csproj", "{B2B71709-A7D2-486C-9D99-97297C3D26C1}"
EndProject
Project("{2150E333-8FDC-42A3-9474-1A3956D46DE8}") = "Solution Items", "Solution Items", "{404E5480-CDA1-49EA-A9E8-5C20BD336134}"
	ProjectSection(SolutionItems) = preProject
		.gitignore = .gitignore
		.gitmodules = .gitmodules
		.github\workflows\dotnet-core.yml = .github\workflows\dotnet-core.yml
		LICENSE = LICENSE
		README.md = README.md
		.github\workflows\shfb.yml = .github\workflows\shfb.yml
	EndProjectSection
EndProject
Project("{7CF6DF6D-3B04-46F8-A40B-537D21BCA0B4}") = "SystemT00lsDocs", "SystemT00lsDocs\SystemT00lsDocs.shfbproj", "{F2F970C9-B508-432F-8AAD-E238F8AC2F77}"
	ProjectSection(ProjectDependencies) = postProject
		{681117C2-A5B5-42AC-AD0B-25E0F64B318B} = {681117C2-A5B5-42AC-AD0B-25E0F64B318B}
		{3F17A9ED-70A7-4579-AAAB-E920DE9A676C} = {3F17A9ED-70A7-4579-AAAB-E920DE9A676C}
	EndProjectSection
EndProject
Project("{9A19103F-16F7-4668-BE54-9A1E7A4F7556}") = "SystemT00ls.cli", "SystemT00ls.cli\SystemT00ls.cli.csproj", "{681117C2-A5B5-42AC-AD0B-25E0F64B318B}"
EndProject
Project("{9A19103F-16F7-4668-BE54-9A1E7A4F7556}") = "SystemT00ls.UI", "SystemT00ls.UI\SystemT00ls.UI.csproj", "{3F17A9ED-70A7-4579-AAAB-E920DE9A676C}"
EndProject
Project("{54435603-DBB4-11D2-8724-00A0C9A8B90C}") = "SystemTools.WinSetup", "SystemTools.WinSetup\SystemTools.WinSetup.vdproj", "{9086A547-55BF-4ADC-B18B-2508AF733F0B}"
EndProject
Global
	GlobalSection(SolutionConfigurationPlatforms) = preSolution
		Debug|Any CPU = Debug|Any CPU
		Documentation|Any CPU = Documentation|Any CPU
		Release|Any CPU = Release|Any CPU
	EndGlobalSection
	GlobalSection(ProjectConfigurationPlatforms) = postSolution
		{DAB5D5EF-CBCA-41A0-96DA-A12C10D78E43}.Debug|Any CPU.ActiveCfg = Debug|Any CPU
		{DAB5D5EF-CBCA-41A0-96DA-A12C10D78E43}.Debug|Any CPU.Build.0 = Debug|Any CPU
		{DAB5D5EF-CBCA-41A0-96DA-A12C10D78E43}.Documentation|Any CPU.ActiveCfg = Documentation|Any CPU
		{DAB5D5EF-CBCA-41A0-96DA-A12C10D78E43}.Documentation|Any CPU.Build.0 = Documentation|Any CPU
		{DAB5D5EF-CBCA-41A0-96DA-A12C10D78E43}.Release|Any CPU.ActiveCfg = Release|Any CPU
		{DAB5D5EF-CBCA-41A0-96DA-A12C10D78E43}.Release|Any CPU.Build.0 = Release|Any CPU
		{B2B71709-A7D2-486C-9D99-97297C3D26C1}.Debug|Any CPU.ActiveCfg = Debug|Any CPU
		{B2B71709-A7D2-486C-9D99-97297C3D26C1}.Debug|Any CPU.Build.0 = Debug|Any CPU
		{B2B71709-A7D2-486C-9D99-97297C3D26C1}.Documentation|Any CPU.ActiveCfg = Documentation|Any CPU
		{B2B71709-A7D2-486C-9D99-97297C3D26C1}.Documentation|Any CPU.Build.0 = Documentation|Any CPU
		{B2B71709-A7D2-486C-9D99-97297C3D26C1}.Release|Any CPU.ActiveCfg = Release|Any CPU
		{B2B71709-A7D2-486C-9D99-97297C3D26C1}.Release|Any CPU.Build.0 = Release|Any CPU
		{F2F970C9-B508-432F-8AAD-E238F8AC2F77}.Debug|Any CPU.ActiveCfg = Debug|Any CPU
		{F2F970C9-B508-432F-8AAD-E238F8AC2F77}.Documentation|Any CPU.ActiveCfg = Documentation|Any CPU
		{F2F970C9-B508-432F-8AAD-E238F8AC2F77}.Documentation|Any CPU.Build.0 = Documentation|Any CPU
		{F2F970C9-B508-432F-8AAD-E238F8AC2F77}.Release|Any CPU.ActiveCfg = Release|Any CPU
		{681117C2-A5B5-42AC-AD0B-25E0F64B318B}.Debug|Any CPU.ActiveCfg = Debug|Any CPU
		{681117C2-A5B5-42AC-AD0B-25E0F64B318B}.Debug|Any CPU.Build.0 = Debug|Any CPU
		{681117C2-A5B5-42AC-AD0B-25E0F64B318B}.Documentation|Any CPU.ActiveCfg = Documentation|Any CPU
		{681117C2-A5B5-42AC-AD0B-25E0F64B318B}.Documentation|Any CPU.Build.0 = Documentation|Any CPU
		{681117C2-A5B5-42AC-AD0B-25E0F64B318B}.Release|Any CPU.ActiveCfg = Release|Any CPU
		{681117C2-A5B5-42AC-AD0B-25E0F64B318B}.Release|Any CPU.Build.0 = Release|Any CPU
		{3F17A9ED-70A7-4579-AAAB-E920DE9A676C}.Debug|Any CPU.ActiveCfg = Debug|Any CPU
		{3F17A9ED-70A7-4579-AAAB-E920DE9A676C}.Debug|Any CPU.Build.0 = Debug|Any CPU
		{3F17A9ED-70A7-4579-AAAB-E920DE9A676C}.Documentation|Any CPU.ActiveCfg = Documentation|Any CPU
		{3F17A9ED-70A7-4579-AAAB-E920DE9A676C}.Documentation|Any CPU.Build.0 = Documentation|Any CPU
		{3F17A9ED-70A7-4579-AAAB-E920DE9A676C}.Release|Any CPU.ActiveCfg = Release|Any CPU
		{3F17A9ED-70A7-4579-AAAB-E920DE9A676C}.Release|Any CPU.Build.0 = Release|Any CPU
		{9086A547-55BF-4ADC-B18B-2508AF733F0B}.Debug|Any CPU.ActiveCfg = Debug
		{9086A547-55BF-4ADC-B18B-2508AF733F0B}.Documentation|Any CPU.ActiveCfg = Documentation
		{9086A547-55BF-4ADC-B18B-2508AF733F0B}.Release|Any CPU.ActiveCfg = Release
	EndGlobalSection
	GlobalSection(SolutionProperties) = preSolution
		HideSolutionNode = FALSE
	EndGlobalSection
	GlobalSection(ExtensibilityGlobals) = postSolution
		SolutionGuid = {962F6BD8-DE44-4D9A-9F85-4B9408049B3B}
		BuildVersion_StartDate = 2000/1/1
	EndGlobalSection
EndGlobal
